// !$*UTF8*$!
{
	archiveVersion = 1;
	classes = {
	};
	objectVersion = 50;
	objects = {

/* Begin PBXBuildFile section */
		4A150FBF24F00B24009080DD /* PlayerVC.swift in Sources */ = {isa = PBXBuildFile; fileRef = 4A150FBE24F00B24009080DD /* PlayerVC.swift */; };
		4A66160024EEA4CA003B9CF2 /* SkillVC.swift in Sources */ = {isa = PBXBuildFile; fileRef = 4A6615FF24EEA4CA003B9CF2 /* SkillVC.swift */; };
		4A66160224EEA8AE003B9CF2 /* LeagueVC.swift in Sources */ = {isa = PBXBuildFile; fileRef = 4A66160124EEA8AE003B9CF2 /* LeagueVC.swift */; };
		4A6EDA4824DD7CD000E8599D /* AppDelegate.swift in Sources */ = {isa = PBXBuildFile; fileRef = 4A6EDA4724DD7CD000E8599D /* AppDelegate.swift */; };
		4A6EDA4A24DD7CD000E8599D /* SceneDelegate.swift in Sources */ = {isa = PBXBuildFile; fileRef = 4A6EDA4924DD7CD000E8599D /* SceneDelegate.swift */; };
		4A6EDA4C24DD7CD000E8599D /* ViewController.swift in Sources */ = {isa = PBXBuildFile; fileRef = 4A6EDA4B24DD7CD000E8599D /* ViewController.swift */; };
		4A6EDA4F24DD7CD000E8599D /* Main.storyboard in Resources */ = {isa = PBXBuildFile; fileRef = 4A6EDA4D24DD7CD000E8599D /* Main.storyboard */; };
		4A6EDA5124DD7CD300E8599D /* Assets.xcassets in Resources */ = {isa = PBXBuildFile; fileRef = 4A6EDA5024DD7CD300E8599D /* Assets.xcassets */; };
		4A6EDA5424DD7CD300E8599D /* LaunchScreen.storyboard in Resources */ = {isa = PBXBuildFile; fileRef = 4A6EDA5224DD7CD300E8599D /* LaunchScreen.storyboard */; };
		4A6EDA5D24DD882E00E8599D /* BoarderButton.swift in Sources */ = {isa = PBXBuildFile; fileRef = 4A6EDA5C24DD882E00E8599D /* BoarderButton.swift */; };
/* End PBXBuildFile section */

/* Begin PBXFileReference section */
		4A150FBE24F00B24009080DD /* PlayerVC.swift */ = {isa = PBXFileReference; lastKnownFileType = sourcecode.swift; path = PlayerVC.swift; sourceTree = "<group>"; };
		4A6615FF24EEA4CA003B9CF2 /* SkillVC.swift */ = {isa = PBXFileReference; lastKnownFileType = sourcecode.swift; path = SkillVC.swift; sourceTree = "<group>"; };
		4A66160124EEA8AE003B9CF2 /* LeagueVC.swift */ = {isa = PBXFileReference; lastKnownFileType = sourcecode.swift; path = LeagueVC.swift; sourceTree = "<group>"; };
		4A6EC6F324F1707B002D5D50 /* swoosh.entitlements */ = {isa = PBXFileReference; lastKnownFileType = text.plist.entitlements; path = swoosh.entitlements; sourceTree = "<group>"; };
		4A6EDA4424DD7CD000E8599D /* swoosh.app */ = {isa = PBXFileReference; explicitFileType = wrapper.application; includeInIndex = 0; path = swoosh.app; sourceTree = BUILT_PRODUCTS_DIR; };
		4A6EDA4724DD7CD000E8599D /* AppDelegate.swift */ = {isa = PBXFileReference; lastKnownFileType = sourcecode.swift; path = AppDelegate.swift; sourceTree = "<group>"; };
		4A6EDA4924DD7CD000E8599D /* SceneDelegate.swift */ = {isa = PBXFileReference; lastKnownFileType = sourcecode.swift; path = SceneDelegate.swift; sourceTree = "<group>"; };
		4A6EDA4B24DD7CD000E8599D /* ViewController.swift */ = {isa = PBXFileReference; lastKnownFileType = sourcecode.swift; path = ViewController.swift; sourceTree = "<group>"; };
		4A6EDA4E24DD7CD000E8599D /* Base */ = {isa = PBXFileReference; lastKnownFileType = file.storyboard; name = Base; path = Base.lproj/Main.storyboard; sourceTree = "<group>"; };
		4A6EDA5024DD7CD300E8599D /* Assets.xcassets */ = {isa = PBXFileReference; lastKnownFileType = folder.assetcatalog; path = Assets.xcassets; sourceTree = "<group>"; };
		4A6EDA5324DD7CD300E8599D /* Base */ = {isa = PBXFileReference; lastKnownFileType = file.storyboard; name = Base; path = Base.lproj/LaunchScreen.storyboard; sourceTree = "<group>"; };
		4A6EDA5524DD7CD300E8599D /* Info.plist */ = {isa = PBXFileReference; lastKnownFileType = text.plist.xml; path = Info.plist; sourceTree = "<group>"; };
		4A6EDA5C24DD882E00E8599D /* BoarderButton.swift */ = {isa = PBXFileReference; lastKnownFileType = sourcecode.swift; path = BoarderButton.swift; sourceTree = "<group>"; };
/* End PBXFileReference section */

/* Begin PBXFrameworksBuildPhase section */
		4A6EDA4124DD7CD000E8599D /* Frameworks */ = {
			isa = PBXFrameworksBuildPhase;
			buildActionMask = 2147483647;
			files = (
			);
			runOnlyForDeploymentPostprocessing = 0;
		};
/* End PBXFrameworksBuildPhase section */

/* Begin PBXGroup section */
		4A150FBD24F00576009080DD /* Gender */ = {
			isa = PBXGroup;
			children = (
				4A150FBE24F00B24009080DD /* PlayerVC.swift */,
			);
			path = Gender;
			sourceTree = "<group>";
		};
		4A6615FD24EEA3D4003B9CF2 /* Model */ = {
			isa = PBXGroup;
			children = (
			);
			path = Model;
			sourceTree = "<group>";
		};
		4A6615FE24EEA3F5003B9CF2 /* Controller */ = {
			isa = PBXGroup;
			children = (
				4A6615FF24EEA4CA003B9CF2 /* SkillVC.swift */,
				4A66160124EEA8AE003B9CF2 /* LeagueVC.swift */,
			);
			path = Controller;
			sourceTree = "<group>";
		};
		4A6EDA3B24DD7CD000E8599D = {
			isa = PBXGroup;
			children = (
				4A6EDA4624DD7CD000E8599D /* swoosh */,
				4A6EDA4524DD7CD000E8599D /* Products */,
			);
			sourceTree = "<group>";
		};
		4A6EDA4524DD7CD000E8599D /* Products */ = {
			isa = PBXGroup;
			children = (
				4A6EDA4424DD7CD000E8599D /* swoosh.app */,
			);
			name = Products;
			sourceTree = "<group>";
		};
		4A6EDA4624DD7CD000E8599D /* swoosh */ = {
			isa = PBXGroup;
			children = (
				4A6EC6F324F1707B002D5D50 /* swoosh.entitlements */,
				4A150FBD24F00576009080DD /* Gender */,
				4A6615FE24EEA3F5003B9CF2 /* Controller */,
				4A6615FD24EEA3D4003B9CF2 /* Model */,
				4A6EDA5B24DD876B00E8599D /* Views */,
				4A6EDA4724DD7CD000E8599D /* AppDelegate.swift */,
				4A6EDA4924DD7CD000E8599D /* SceneDelegate.swift */,
				4A6EDA4B24DD7CD000E8599D /* ViewController.swift */,
				4A6EDA4D24DD7CD000E8599D /* Main.storyboard */,
				4A6EDA5024DD7CD300E8599D /* Assets.xcassets */,
				4A6EDA5224DD7CD300E8599D /* LaunchScreen.storyboard */,
				4A6EDA5524DD7CD300E8599D /* Info.plist */,
			);
			path = swoosh;
			sourceTree = "<group>";
		};
		4A6EDA5B24DD876B00E8599D /* Views */ = {
			isa = PBXGroup;
			children = (
				4A6EDA5C24DD882E00E8599D /* BoarderButton.swift */,
			);
			path = Views;
			sourceTree = "<group>";
		};
/* End PBXGroup section */

/* Begin PBXNativeTarget section */
		4A6EDA4324DD7CD000E8599D /* swoosh */ = {
			isa = PBXNativeTarget;
			buildConfigurationList = 4A6EDA5824DD7CD300E8599D /* Build configuration list for PBXNativeTarget "swoosh" */;
			buildPhases = (
				4A6EDA4024DD7CD000E8599D /* Sources */,
				4A6EDA4124DD7CD000E8599D /* Frameworks */,
				4A6EDA4224DD7CD000E8599D /* Resources */,
			);
			buildRules = (
			);
			dependencies = (
			);
			name = swoosh;
			productName = swoosh;
			productReference = 4A6EDA4424DD7CD000E8599D /* swoosh.app */;
			productType = "com.apple.product-type.application";
		};
/* End PBXNativeTarget section */

/* Begin PBXProject section */
		4A6EDA3C24DD7CD000E8599D /* Project object */ = {
			isa = PBXProject;
			attributes = {
				LastSwiftUpdateCheck = 1160;
				LastUpgradeCheck = 1160;
				ORGANIZATIONNAME = "Kia Malek";
				TargetAttributes = {
					4A6EDA4324DD7CD000E8599D = {
						CreatedOnToolsVersion = 11.6;
					};
				};
			};
			buildConfigurationList = 4A6EDA3F24DD7CD000E8599D /* Build configuration list for PBXProject "swoosh" */;
			compatibilityVersion = "Xcode 9.3";
			developmentRegion = en;
			hasScannedForEncodings = 0;
			knownRegions = (
				en,
				Base,
			);
			mainGroup = 4A6EDA3B24DD7CD000E8599D;
			productRefGroup = 4A6EDA4524DD7CD000E8599D /* Products */;
			projectDirPath = "";
			projectRoot = "";
			targets = (
				4A6EDA4324DD7CD000E8599D /* swoosh */,
			);
		};
/* End PBXProject section */

/* Begin PBXResourcesBuildPhase section */
		4A6EDA4224DD7CD000E8599D /* Resources */ = {
			isa = PBXResourcesBuildPhase;
			buildActionMask = 2147483647;
			files = (
				4A6EDA5424DD7CD300E8599D /* LaunchScreen.storyboard in Resources */,
				4A6EDA5124DD7CD300E8599D /* Assets.xcassets in Resources */,
				4A6EDA4F24DD7CD000E8599D /* Main.storyboard in Resources */,
			);
			runOnlyForDeploymentPostprocessing = 0;
		};
/* End PBXResourcesBuildPhase section */

/* Begin PBXSourcesBuildPhase section */
		4A6EDA4024DD7CD000E8599D /* Sources */ = {
			isa = PBXSourcesBuildPhase;
			buildActionMask = 2147483647;
			files = (
				4A6EDA4C24DD7CD000E8599D /* ViewController.swift in Sources */,
				4A6EDA5D24DD882E00E8599D /* BoarderButton.swift in Sources */,
				4A6EDA4824DD7CD000E8599D /* AppDelegate.swift in Sources */,
				4A66160024EEA4CA003B9CF2 /* SkillVC.swift in Sources */,
				4A6EDA4A24DD7CD000E8599D /* SceneDelegate.swift in Sources */,
				4A150FBF24F00B24009080DD /* PlayerVC.swift in Sources */,
				4A66160224EEA8AE003B9CF2 /* LeagueVC.swift in Sources */,
			);
			runOnlyForDeploymentPostprocessing = 0;
		};
/* End PBXSourcesBuildPhase section */

/* Begin PBXVariantGroup section */
		4A6EDA4D24DD7CD000E8599D /* Main.storyboard */ = {
			isa = PBXVariantGroup;
			children = (
				4A6EDA4E24DD7CD000E8599D /* Base */,
			);
			name = Main.storyboard;
			sourceTree = "<group>";
		};
		4A6EDA5224DD7CD300E8599D /* LaunchScreen.storyboard */ = {
			isa = PBXVariantGroup;
			children = (
				4A6EDA5324DD7CD300E8599D /* Base */,
			);
			name = LaunchScreen.storyboard;
			sourceTree = "<group>";
		};
/* End PBXVariantGroup section */

/* Begin XCBuildConfiguration section */
		4A6EDA5624DD7CD300E8599D /* Debug */ = {
			isa = XCBuildConfiguration;
			buildSettings = {
				ALWAYS_SEARCH_USER_PATHS = NO;
				CLANG_ANALYZER_NONNULL = YES;
				CLANG_ANALYZER_NUMBER_OBJECT_CONVERSION = YES_AGGRESSIVE;
				CLANG_CXX_LANGUAGE_STANDARD = "gnu++14";
				CLANG_CXX_LIBRARY = "libc++";
				CLANG_ENABLE_MODULES = YES;
				CLANG_ENABLE_OBJC_ARC = YES;
				CLANG_ENABLE_OBJC_WEAK = YES;
				CLANG_WARN_BLOCK_CAPTURE_AUTORELEASING = YES;
				CLANG_WARN_BOOL_CONVERSION = YES;
				CLANG_WARN_COMMA = YES;
				CLANG_WARN_CONSTANT_CONVERSION = YES;
				CLANG_WARN_DEPRECATED_OBJC_IMPLEMENTATIONS = YES;
				CLANG_WARN_DIRECT_OBJC_ISA_USAGE = YES_ERROR;
				CLANG_WARN_DOCUMENTATION_COMMENTS = YES;
				CLANG_WARN_EMPTY_BODY = YES;
				CLANG_WARN_ENUM_CONVERSION = YES;
				CLANG_WARN_INFINITE_RECURSION = YES;
				CLANG_WARN_INT_CONVERSION = YES;
				CLANG_WARN_NON_LITERAL_NULL_CONVERSION = YES;
				CLANG_WARN_OBJC_IMPLICIT_RETAIN_SELF = YES;
				CLANG_WARN_OBJC_LITERAL_CONVERSION = YES;
				CLANG_WARN_OBJC_ROOT_CLASS = YES_ERROR;
				CLANG_WARN_RANGE_LOOP_ANALYSIS = YES;
				CLANG_WARN_STRICT_PROTOTYPES = YES;
				CLANG_WARN_SUSPICIOUS_MOVE = YES;
				CLANG_WARN_UNGUARDED_AVAILABILITY = YES_AGGRESSIVE;
				CLANG_WARN_UNREACHABLE_CODE = YES;
				CLANG_WARN__DUPLICATE_METHOD_MATCH = YES;
				COPY_PHASE_STRIP = NO;
				DEBUG_INFORMATION_FORMAT = dwarf;
				ENABLE_STRICT_OBJC_MSGSEND = YES;
				ENABLE_TESTABILITY = YES;
				GCC_C_LANGUAGE_STANDARD = gnu11;
				GCC_DYNAMIC_NO_PIC = NO;
				GCC_NO_COMMON_BLOCKS = YES;
				GCC_OPTIMIZATION_LEVEL = 0;
				GCC_PREPROCESSOR_DEFINITIONS = (
					"DEBUG=1",
					"$(inherited)",
				);
				GCC_WARN_64_TO_32_BIT_CONVERSION = YES;
				GCC_WARN_ABOUT_RETURN_TYPE = YES_ERROR;
				GCC_WARN_UNDECLARED_SELECTOR = YES;
				GCC_WARN_UNINITIALIZED_AUTOS = YES_AGGRESSIVE;
				GCC_WARN_UNUSED_FUNCTION = YES;
				GCC_WARN_UNUSED_VARIABLE = YES;
				IPHONEOS_DEPLOYMENT_TARGET = 13.5;
				MTL_ENABLE_DEBUG_INFO = INCLUDE_SOURCE;
				MTL_FAST_MATH = YES;
				ONLY_ACTIVE_ARCH = YES;
				SDKROOT = iphoneos;
				SWIFT_ACTIVE_COMPILATION_CONDITIONS = DEBUG;
				SWIFT_OPTIMIZATION_LEVEL = "-Onone";
			};
			name = Debug;
		};
		4A6EDA5724DD7CD300E8599D /* Release */ = {
			isa = XCBuildConfiguration;
			buildSettings = {
				ALWAYS_SEARCH_USER_PATHS = NO;
				CLANG_ANALYZER_NONNULL = YES;
				CLANG_ANALYZER_NUMBER_OBJECT_CONVERSION = YES_AGGRESSIVE;
				CLANG_CXX_LANGUAGE_STANDARD = "gnu++14";
				CLANG_CXX_LIBRARY = "libc++";
				CLANG_ENABLE_MODULES = YES;
				CLANG_ENABLE_OBJC_ARC = YES;
				CLANG_ENABLE_OBJC_WEAK = YES;
				CLANG_WARN_BLOCK_CAPTURE_AUTORELEASING = YES;
				CLANG_WARN_BOOL_CONVERSION = YES;
				CLANG_WARN_COMMA = YES;
				CLANG_WARN_CONSTANT_CONVERSION = YES;
				CLANG_WARN_DEPRECATED_OBJC_IMPLEMENTATIONS = YES;
				CLANG_WARN_DIRECT_OBJC_ISA_USAGE = YES_ERROR;
				CLANG_WARN_DOCUMENTATION_COMMENTS = YES;
				CLANG_WARN_EMPTY_BODY = YES;
				CLANG_WARN_ENUM_CONVERSION = YES;
				CLANG_WARN_INFINITE_RECURSION = YES;
				CLANG_WARN_INT_CONVERSION = YES;
				CLANG_WARN_NON_LITERAL_NULL_CONVERSION = YES;
				CLANG_WARN_OBJC_IMPLICIT_RETAIN_SELF = YES;
				CLANG_WARN_OBJC_LITERAL_CONVERSION = YES;
				CLANG_WARN_OBJC_ROOT_CLASS = YES_ERROR;
				CLANG_WARN_RANGE_LOOP_ANALYSIS = YES;
				CLANG_WARN_STRICT_PROTOTYPES = YES;
				CLANG_WARN_SUSPICIOUS_MOVE = YES;
				CLANG_WARN_UNGUARDED_AVAILABILITY = YES_AGGRESSIVE;
				CLANG_WARN_UNREACHABLE_CODE = YES;
				CLANG_WARN__DUPLICATE_METHOD_MATCH = YES;
				COPY_PHASE_STRIP = NO;
				DEBUG_INFORMATION_FORMAT = "dwarf-with-dsym";
				ENABLE_NS_ASSERTIONS = NO;
				ENABLE_STRICT_OBJC_MSGSEND = YES;
				GCC_C_LANGUAGE_STANDARD = gnu11;
				GCC_NO_COMMON_BLOCKS = YES;
				GCC_WARN_64_TO_32_BIT_CONVERSION = YES;
				GCC_WARN_ABOUT_RETURN_TYPE = YES_ERROR;
				GCC_WARN_UNDECLARED_SELECTOR = YES;
				GCC_WARN_UNINITIALIZED_AUTOS = YES_AGGRESSIVE;
				GCC_WARN_UNUSED_FUNCTION = YES;
				GCC_WARN_UNUSED_VARIABLE = YES;
				IPHONEOS_DEPLOYMENT_TARGET = 13.5;
				MTL_ENABLE_DEBUG_INFO = NO;
				MTL_FAST_MATH = YES;
				SDKROOT = iphoneos;
				SWIFT_COMPILATION_MODE = wholemodule;
				SWIFT_OPTIMIZATION_LEVEL = "-O";
				VALIDATE_PRODUCT = YES;
			};
			name = Release;
		};
		4A6EDA5924DD7CD300E8599D /* Debug */ = {
			isa = XCBuildConfiguration;
			buildSettings = {
				ASSETCATALOG_COMPILER_APPICON_NAME = AppIcon;
				CODE_SIGN_ENTITLEMENTS = swoosh/swoosh.entitlements;
				CODE_SIGN_STYLE = Automatic;
				DEVELOPMENT_TEAM = 68K4E8GSY3;
				INFOPLIST_FILE = swoosh/Info.plist;
				LD_RUNPATH_SEARCH_PATHS = (
					"$(inherited)",
					"@executable_path/Frameworks",
				);
				PRODUCT_BUNDLE_IDENTIFIER = com.kiamalek.swoosh;
				PRODUCT_NAME = "$(TARGET_NAME)";
				SUPPORTS_MACCATALYST = NO;
				SWIFT_VERSION = 5.0;
				TARGETED_DEVICE_FAMILY = "1,2";
			};
			name = Debug;
		};
		4A6EDA5A24DD7CD300E8599D /* Release */ = {
			isa = XCBuildConfiguration;
			buildSettings = {
				ASSETCATALOG_COMPILER_APPICON_NAME = AppIcon;
				CODE_SIGN_ENTITLEMENTS = swoosh/swoosh.entitlements;
				CODE_SIGN_STYLE = Automatic;
				DEVELOPMENT_TEAM = 68K4E8GSY3;
				INFOPLIST_FILE = swoosh/Info.plist;
				LD_RUNPATH_SEARCH_PATHS = (
					"$(inherited)",
					"@executable_path/Frameworks",
				);
				PRODUCT_BUNDLE_IDENTIFIER = com.kiamalek.swoosh;
				PRODUCT_NAME = "$(TARGET_NAME)";
				SUPPORTS_MACCATALYST = NO;
				SWIFT_VERSION = 5.0;
				TARGETED_DEVICE_FAMILY = "1,2";
			};
			name = Release;
		};
/* End XCBuildConfiguration section */

/* Begin XCConfigurationList section */
		4A6EDA3F24DD7CD000E8599D /* Build configuration list for PBXProject "swoosh" */ = {
			isa = XCConfigurationList;
			buildConfigurations = (
				4A6EDA5624DD7CD300E8599D /* Debug */,
				4A6EDA5724DD7CD300E8599D /* Release */,
			);
			defaultConfigurationIsVisible = 0;
			defaultConfigurationName = Release;
		};
		4A6EDA5824DD7CD300E8599D /* Build configuration list for PBXNativeTarget "swoosh" */ = {
			isa = XCConfigurationList;
			buildConfigurations = (
				4A6EDA5924DD7CD300E8599D /* Debug */,
				4A6EDA5A24DD7CD300E8599D /* Release */,
			);
			defaultConfigurationIsVisible = 0;
			defaultConfigurationName = Release;
		};
/* End XCConfigurationList section */
	};
	rootObject = 4A6EDA3C24DD7CD000E8599D /* Project object */;
}
